
Microsoft Visual Studio Solution File, Format Version 12.00
# Visual Studio Version 16
VisualStudioVersion = 16.0.30114.105
MinimumVisualStudioVersion = 10.0.40219.1
Project("{9A19103F-16F7-4668-BE54-9A1E7A4F7556}") = "R5T.Z0003", "R5T.Z0003\R5T.Z0003.csproj", "{1288AAD9-98DC-4C44-88BE-9EF8DBE27C2C}"
EndProject
Project("{2150E333-8FDC-42A3-9474-1A3956D46DE8}") = "_Dependencies", "_Dependencies", "{E450B506-BF6A-4D58-A11D-5106069E0849}"
EndProject
Project("{9A19103F-16F7-4668-BE54-9A1E7A4F7556}") = "R5T.T0131", "..\..\R5T.T0131\source\R5T.T0131\R5T.T0131.csproj", "{FBD85DFF-BB09-4848-B068-C317E17DD129}"
EndProject
Global
	GlobalSection(SolutionConfigurationPlatforms) = preSolution
		Debug|Any CPU = Debug|Any CPU
		Debug|x64 = Debug|x64
		Debug|x86 = Debug|x86
		Release|Any CPU = Release|Any CPU
		Release|x64 = Release|x64
		Release|x86 = Release|x86
	EndGlobalSection
	GlobalSection(ProjectConfigurationPlatforms) = postSolution
		{1288AAD9-98DC-4C44-88BE-9EF8DBE27C2C}.Debug|Any CPU.ActiveCfg = Debug|Any CPU
		{1288AAD9-98DC-4C44-88BE-9EF8DBE27C2C}.Debug|Any CPU.Build.0 = Debug|Any CPU
		{1288AAD9-98DC-4C44-88BE-9EF8DBE27C2C}.Debug|x64.ActiveCfg = Debug|Any CPU
		{1288AAD9-98DC-4C44-88BE-9EF8DBE27C2C}.Debug|x64.Build.0 = Debug|Any CPU
		{1288AAD9-98DC-4C44-88BE-9EF8DBE27C2C}.Debug|x86.ActiveCfg = Debug|Any CPU
		{1288AAD9-98DC-4C44-88BE-9EF8DBE27C2C}.Debug|x86.Build.0 = Debug|Any CPU
		{1288AAD9-98DC-4C44-88BE-9EF8DBE27C2C}.Release|Any CPU.ActiveCfg = Release|Any CPU
		{1288AAD9-98DC-4C44-88BE-9EF8DBE27C2C}.Release|Any CPU.Build.0 = Release|Any CPU
		{1288AAD9-98DC-4C44-88BE-9EF8DBE27C2C}.Release|x64.ActiveCfg = Release|Any CPU
		{1288AAD9-98DC-4C44-88BE-9EF8DBE27C2C}.Release|x64.Build.0 = Release|Any CPU
		{1288AAD9-98DC-4C44-88BE-9EF8DBE27C2C}.Release|x86.ActiveCfg = Release|Any CPU
		{1288AAD9-98DC-4C44-88BE-9EF8DBE27C2C}.Release|x86.Build.0 = Release|Any CPU
		{FBD85DFF-BB09-4848-B068-C317E17DD129}.Debug|Any CPU.ActiveCfg = Debug|Any CPU
		{FBD85DFF-BB09-4848-B068-C317E17DD129}.Debug|Any CPU.Build.0 = Debug|Any CPU
		{FBD85DFF-BB09-4848-B068-C317E17DD129}.Debug|x64.ActiveCfg = Debug|Any CPU
		{FBD85DFF-BB09-4848-B068-C317E17DD129}.Debug|x64.Build.0 = Debug|Any CPU
		{FBD85DFF-BB09-4848-B068-C317E17DD129}.Debug|x86.ActiveCfg = Debug|Any CPU
		{FBD85DFF-BB09-4848-B068-C317E17DD129}.Debug|x86.Build.0 = Debug|Any CPU
		{FBD85DFF-BB09-4848-B068-C317E17DD129}.Release|Any CPU.ActiveCfg = Release|Any CPU
		{FBD85DFF-BB09-4848-B068-C317E17DD129}.Release|Any CPU.Build.0 = Release|Any CPU
		{FBD85DFF-BB09-4848-B068-C317E17DD129}.Release|x64.ActiveCfg = Release|Any CPU
		{FBD85DFF-BB09-4848-B068-C317E17DD129}.Release|x64.Build.0 = Release|Any CPU
		{FBD85DFF-BB09-4848-B068-C317E17DD129}.Release|x86.ActiveCfg = Release|Any CPU
		{FBD85DFF-BB09-4848-B068-C317E17DD129}.Release|x86.Build.0 = Release|Any CPU
	EndGlobalSection
	GlobalSection(SolutionProperties) = preSolution
		HideSolutionNode = FALSE
	EndGlobalSection
	GlobalSection(NestedProjects) = preSolution
		{FBD85DFF-BB09-4848-B068-C317E17DD129} = {E450B506-BF6A-4D58-A11D-5106069E0849}
	EndGlobalSection
	GlobalSection(ExtensibilityGlobals) = postSolution
		SolutionGuid = {7A9BA9F6-46A1-4B4D-AB75-BC1CE1296DAF}
	EndGlobalSection
EndGlobal
